
Microsoft Visual Studio Solution File, Format Version 12.00
# Visual Studio Version 17
VisualStudioVersion = 17.10.35013.160
MinimumVisualStudioVersion = 10.0.40219.1
Project("{FAE04EC0-301F-11D3-BF4B-00C04F79EFBC}") = "CaptchaDemo", "CaptchaDemo\CaptchaDemo.csproj", "{475DF129-8079-43F8-8341-6CFE81A70026}"
EndProject
Global
	GlobalSection(SolutionConfigurationPlatforms) = preSolution
		Debug|Any CPU = Debug|Any CPU
		Release|Any CPU = Release|Any CPU
	EndGlobalSection
	GlobalSection(ProjectConfigurationPlatforms) = postSolution
		{475DF129-8079-43F8-8341-6CFE81A70026}.Debug|Any CPU.ActiveCfg = Debug|Any CPU
		{475DF129-8079-43F8-8341-6CFE81A70026}.Debug|Any CPU.Build.0 = Debug|Any CPU
		{475DF129-8079-43F8-8341-6CFE81A70026}.Release|Any CPU.ActiveCfg = Release|Any CPU
		{475DF129-8079-43F8-8341-6CFE81A70026}.Release|Any CPU.Build.0 = Release|Any CPU
	EndGlobalSection
	GlobalSection(SolutionProperties) = preSolution
		HideSolutionNode = FALSE
	EndGlobalSection
	GlobalSection(ExtensibilityGlobals) = postSolution
		SolutionGuid = {01FFB9BD-339D-49A4-98EE-F06EFC58C1CD}
	EndGlobalSection
EndGlobal
